
Microsoft Visual Studio Solution File, Format Version 12.00
# Visual Studio Version 16
VisualStudioVersion = 16.0.30104.148
MinimumVisualStudioVersion = 10.0.40219.1
Project("{FAE04EC0-301F-11D3-BF4B-00C04F79EFBC}") = "ICBrowser.Web", "ICBrowser.Web\ICBrowser.Web.csproj", "{98DB78D7-AAB2-400C-AE74-BAF75566AE75}"
EndProject
Project("{FAE04EC0-301F-11D3-BF4B-00C04F79EFBC}") = "ICBrowser.Common", "ICBrowser.Common\ICBrowser.Common.csproj", "{605794CF-E371-442E-B1BD-53B0A5F484D3}"
EndProject
Project("{FAE04EC0-301F-11D3-BF4B-00C04F79EFBC}") = "ICBrowser.DAL", "ICBrowser.DAL\ICBrowser.DAL.csproj", "{1A25A706-5F0D-43DB-8EFB-E209CA071CB8}"
EndProject
Project("{FAE04EC0-301F-11D3-BF4B-00C04F79EFBC}") = "ICBrowser.Business", "ICBrowser.Business\ICBrowser.Business.csproj", "{903D16E5-0D89-40AC-89AF-E612CA9231D1}"
EndProject
Project("{FAE04EC0-301F-11D3-BF4B-00C04F79EFBC}") = "ICBrowser.NotificationService", "ICBrowser.NotificationService\ICBrowser.NotificationService.csproj", "{9743755A-7584-4F4C-AFD8-2974F8B44EBD}"
EndProject
Global
	GlobalSection(SolutionConfigurationPlatforms) = preSolution
		Debug|Any CPU = Debug|Any CPU
		Debug|Mixed Platforms = Debug|Mixed Platforms
		Debug|x86 = Debug|x86
		Release|Any CPU = Release|Any CPU
		Release|Mixed Platforms = Release|Mixed Platforms
		Release|x86 = Release|x86
	EndGlobalSection
	GlobalSection(ProjectConfigurationPlatforms) = postSolution
		{98DB78D7-AAB2-400C-AE74-BAF75566AE75}.Debug|Any CPU.ActiveCfg = Debug|Any CPU
		{98DB78D7-AAB2-400C-AE74-BAF75566AE75}.Debug|Any CPU.Build.0 = Debug|Any CPU
		{98DB78D7-AAB2-400C-AE74-BAF75566AE75}.Debug|Mixed Platforms.ActiveCfg = Debug|Any CPU
		{98DB78D7-AAB2-400C-AE74-BAF75566AE75}.Debug|Mixed Platforms.Build.0 = Debug|Any CPU
		{98DB78D7-AAB2-400C-AE74-BAF75566AE75}.Debug|x86.ActiveCfg = Debug|Any CPU
		{98DB78D7-AAB2-400C-AE74-BAF75566AE75}.Release|Any CPU.ActiveCfg = Release|Any CPU
		{98DB78D7-AAB2-400C-AE74-BAF75566AE75}.Release|Any CPU.Build.0 = Release|Any CPU
		{98DB78D7-AAB2-400C-AE74-BAF75566AE75}.Release|Mixed Platforms.ActiveCfg = Release|Any CPU
		{98DB78D7-AAB2-400C-AE74-BAF75566AE75}.Release|Mixed Platforms.Build.0 = Release|Any CPU
		{98DB78D7-AAB2-400C-AE74-BAF75566AE75}.Release|x86.ActiveCfg = Release|Any CPU
		{605794CF-E371-442E-B1BD-53B0A5F484D3}.Debug|Any CPU.ActiveCfg = Debug|Any CPU
		{605794CF-E371-442E-B1BD-53B0A5F484D3}.Debug|Any CPU.Build.0 = Debug|Any CPU
		{605794CF-E371-442E-B1BD-53B0A5F484D3}.Debug|Mixed Platforms.ActiveCfg = Debug|Any CPU
		{605794CF-E371-442E-B1BD-53B0A5F484D3}.Debug|Mixed Platforms.Build.0 = Debug|Any CPU
		{605794CF-E371-442E-B1BD-53B0A5F484D3}.Debug|x86.ActiveCfg = Debug|Any CPU
		{605794CF-E371-442E-B1BD-53B0A5F484D3}.Release|Any CPU.ActiveCfg = Release|Any CPU
		{605794CF-E371-442E-B1BD-53B0A5F484D3}.Release|Any CPU.Build.0 = Release|Any CPU
		{605794CF-E371-442E-B1BD-53B0A5F484D3}.Release|Mixed Platforms.ActiveCfg = Release|Any CPU
		{605794CF-E371-442E-B1BD-53B0A5F484D3}.Release|Mixed Platforms.Build.0 = Release|Any CPU
		{605794CF-E371-442E-B1BD-53B0A5F484D3}.Release|x86.ActiveCfg = Release|Any CPU
		{1A25A706-5F0D-43DB-8EFB-E209CA071CB8}.Debug|Any CPU.ActiveCfg = Debug|Any CPU
		{1A25A706-5F0D-43DB-8EFB-E209CA071CB8}.Debug|Any CPU.Build.0 = Debug|Any CPU
		{1A25A706-5F0D-43DB-8EFB-E209CA071CB8}.Debug|Mixed Platforms.ActiveCfg = Debug|Any CPU
		{1A25A706-5F0D-43DB-8EFB-E209CA071CB8}.Debug|Mixed Platforms.Build.0 = Debug|Any CPU
		{1A25A706-5F0D-43DB-8EFB-E209CA071CB8}.Debug|x86.ActiveCfg = Debug|Any CPU
		{1A25A706-5F0D-43DB-8EFB-E209CA071CB8}.Release|Any CPU.ActiveCfg = Release|Any CPU
		{1A25A706-5F0D-43DB-8EFB-E209CA071CB8}.Release|Any CPU.Build.0 = Release|Any CPU
		{1A25A706-5F0D-43DB-8EFB-E209CA071CB8}.Release|Mixed Platforms.ActiveCfg = Release|Any CPU
		{1A25A706-5F0D-43DB-8EFB-E209CA071CB8}.Release|Mixed Platforms.Build.0 = Release|Any CPU
		{1A25A706-5F0D-43DB-8EFB-E209CA071CB8}.Release|x86.ActiveCfg = Release|Any CPU
		{903D16E5-0D89-40AC-89AF-E612CA9231D1}.Debug|Any CPU.ActiveCfg = Debug|Any CPU
		{903D16E5-0D89-40AC-89AF-E612CA9231D1}.Debug|Any CPU.Build.0 = Debug|Any CPU
		{903D16E5-0D89-40AC-89AF-E612CA9231D1}.Debug|Mixed Platforms.ActiveCfg = Debug|Any CPU
		{903D16E5-0D89-40AC-89AF-E612CA9231D1}.Debug|Mixed Platforms.Build.0 = Debug|Any CPU
		{903D16E5-0D89-40AC-89AF-E612CA9231D1}.Debug|x86.ActiveCfg = Debug|Any CPU
		{903D16E5-0D89-40AC-89AF-E612CA9231D1}.Release|Any CPU.ActiveCfg = Release|Any CPU
		{903D16E5-0D89-40AC-89AF-E612CA9231D1}.Release|Any CPU.Build.0 = Release|Any CPU
		{903D16E5-0D89-40AC-89AF-E612CA9231D1}.Release|Mixed Platforms.ActiveCfg = Release|Any CPU
		{903D16E5-0D89-40AC-89AF-E612CA9231D1}.Release|Mixed Platforms.Build.0 = Release|Any CPU
		{903D16E5-0D89-40AC-89AF-E612CA9231D1}.Release|x86.ActiveCfg = Release|Any CPU
		{9743755A-7584-4F4C-AFD8-2974F8B44EBD}.Debug|Any CPU.ActiveCfg = Debug|x86
		{9743755A-7584-4F4C-AFD8-2974F8B44EBD}.Debug|Mixed Platforms.ActiveCfg = Debug|x86
		{9743755A-7584-4F4C-AFD8-2974F8B44EBD}.Debug|Mixed Platforms.Build.0 = Debug|x86
		{9743755A-7584-4F4C-AFD8-2974F8B44EBD}.Debug|x86.ActiveCfg = Debug|x86
		{9743755A-7584-4F4C-AFD8-2974F8B44EBD}.Debug|x86.Build.0 = Debug|x86
		{9743755A-7584-4F4C-AFD8-2974F8B44EBD}.Release|Any CPU.ActiveCfg = Release|x86
		{9743755A-7584-4F4C-AFD8-2974F8B44EBD}.Release|Mixed Platforms.ActiveCfg = Release|x86
		{9743755A-7584-4F4C-AFD8-2974F8B44EBD}.Release|Mixed Platforms.Build.0 = Release|x86
		{9743755A-7584-4F4C-AFD8-2974F8B44EBD}.Release|x86.ActiveCfg = Release|x86
		{9743755A-7584-4F4C-AFD8-2974F8B44EBD}.Release|x86.Build.0 = Release|x86
	EndGlobalSection
	GlobalSection(SolutionProperties) = preSolution
		HideSolutionNode = FALSE
	EndGlobalSection
	GlobalSection(ExtensibilityGlobals) = postSolution
		SolutionGuid = {7334195B-A71A-49BA-BF46-8FB1CA173F6E}
	EndGlobalSection
	GlobalSection(SubversionScc) = preSolution
		Svn-Managed = True
		Manager = AnkhSVN - Subversion Support for Visual Studio
	EndGlobalSection
EndGlobal
